// !$*UTF8*$!
{
	archiveVersion = 1;
	classes = {
	};
	objectVersion = 50;
	objects = {

/* Begin PBXBuildFile section */
		1A9AD41B2635CA1D001495C6 /* README.md in Resources */ = {isa = PBXBuildFile; fileRef = 1A9AD41A2635CA1D001495C6 /* README.md */; };
		1A9AD41E2635D4F7001495C6 /* Spinning.swift in Sources */ = {isa = PBXBuildFile; fileRef = 1A9AD41D2635D4F7001495C6 /* Spinning.swift */; };
		1AC2E88726121DA4009D2375 /* EmojiArtApp.swift in Sources */ = {isa = PBXBuildFile; fileRef = 1AC2E88626121DA4009D2375 /* EmojiArtApp.swift */; };
		1AC2E88926121DA4009D2375 /* EmojiArtDocumentView.swift in Sources */ = {isa = PBXBuildFile; fileRef = 1AC2E88826121DA4009D2375 /* EmojiArtDocumentView.swift */; };
		1AC2E88B26121DA6009D2375 /* Assets.xcassets in Resources */ = {isa = PBXBuildFile; fileRef = 1AC2E88A26121DA6009D2375 /* Assets.xcassets */; };
		1AC2E88E26121DA6009D2375 /* Preview Assets.xcassets in Resources */ = {isa = PBXBuildFile; fileRef = 1AC2E88D26121DA6009D2375 /* Preview Assets.xcassets */; };
		1AC2E89826121DF9009D2375 /* EmojiArtDocument.swift in Sources */ = {isa = PBXBuildFile; fileRef = 1AC2E89726121DF9009D2375 /* EmojiArtDocument.swift */; };
		1AC2E89C2612219A009D2375 /* EmojiArt.swift in Sources */ = {isa = PBXBuildFile; fileRef = 1AC2E89B2612219A009D2375 /* EmojiArt.swift */; };
		1AC2E89F26126AF6009D2375 /* EmojiArtExtensions.swift in Sources */ = {isa = PBXBuildFile; fileRef = 1AC2E89E26126AF6009D2375 /* EmojiArtExtensions.swift */; };
		1AC2E8A92613B88B009D2375 /* OptionalView.swift in Sources */ = {isa = PBXBuildFile; fileRef = 1AC2E8A82613B88B009D2375 /* OptionalView.swift */; };
		1AC2E8AC2613C251009D2375 /* AnimatableSystemFontModifier.swift in Sources */ = {isa = PBXBuildFile; fileRef = 1AC2E8AB2613C251009D2375 /* AnimatableSystemFontModifier.swift */; };
/* End PBXBuildFile section */

/* Begin PBXFileReference section */
		1A9AD41A2635CA1D001495C6 /* README.md */ = {isa = PBXFileReference; lastKnownFileType = net.daringfireball.markdown; path = README.md; sourceTree = "<group>"; };
		1A9AD41D2635D4F7001495C6 /* Spinning.swift */ = {isa = PBXFileReference; lastKnownFileType = sourcecode.swift; path = Spinning.swift; sourceTree = "<group>"; };
		1AC2E88326121DA4009D2375 /* EmojiArt.app */ = {isa = PBXFileReference; explicitFileType = wrapper.application; includeInIndex = 0; path = EmojiArt.app; sourceTree = BUILT_PRODUCTS_DIR; };
		1AC2E88626121DA4009D2375 /* EmojiArtApp.swift */ = {isa = PBXFileReference; lastKnownFileType = sourcecode.swift; path = EmojiArtApp.swift; sourceTree = "<group>"; };
		1AC2E88826121DA4009D2375 /* EmojiArtDocumentView.swift */ = {isa = PBXFileReference; lastKnownFileType = sourcecode.swift; path = EmojiArtDocumentView.swift; sourceTree = "<group>"; };
		1AC2E88A26121DA6009D2375 /* Assets.xcassets */ = {isa = PBXFileReference; lastKnownFileType = folder.assetcatalog; path = Assets.xcassets; sourceTree = "<group>"; };
		1AC2E88D26121DA6009D2375 /* Preview Assets.xcassets */ = {isa = PBXFileReference; lastKnownFileType = folder.assetcatalog; path = "Preview Assets.xcassets"; sourceTree = "<group>"; };
		1AC2E88F26121DA6009D2375 /* Info.plist */ = {isa = PBXFileReference; lastKnownFileType = text.plist.xml; path = Info.plist; sourceTree = "<group>"; };
		1AC2E89726121DF9009D2375 /* EmojiArtDocument.swift */ = {isa = PBXFileReference; lastKnownFileType = sourcecode.swift; path = EmojiArtDocument.swift; sourceTree = "<group>"; };
		1AC2E89B2612219A009D2375 /* EmojiArt.swift */ = {isa = PBXFileReference; lastKnownFileType = sourcecode.swift; path = EmojiArt.swift; sourceTree = "<group>"; };
		1AC2E89E26126AF6009D2375 /* EmojiArtExtensions.swift */ = {isa = PBXFileReference; fileEncoding = 4; lastKnownFileType = sourcecode.swift; name = EmojiArtExtensions.swift; path = "../../../../../Original_Course_Materials/EmojiArt/Shared/Utility Views and Extensions/EmojiArtExtensions.swift"; sourceTree = "<group>"; };
		1AC2E8A82613B88B009D2375 /* OptionalView.swift */ = {isa = PBXFileReference; lastKnownFileType = sourcecode.swift; path = OptionalView.swift; sourceTree = "<group>"; };
		1AC2E8AB2613C251009D2375 /* AnimatableSystemFontModifier.swift */ = {isa = PBXFileReference; fileEncoding = 4; lastKnownFileType = sourcecode.swift; name = AnimatableSystemFontModifier.swift; path = "../../../../../Original_Course_Materials/L8 Gestures JSON/AnimatableSystemFontModifier.swift"; sourceTree = "<group>"; };
/* End PBXFileReference section */

/* Begin PBXFrameworksBuildPhase section */
		1AC2E88026121DA4009D2375 /* Frameworks */ = {
			isa = PBXFrameworksBuildPhase;
			buildActionMask = 2147483647;
			files = (
			);
			runOnlyForDeploymentPostprocessing = 0;
		};
/* End PBXFrameworksBuildPhase section */

/* Begin PBXGroup section */
		1AC2E87A26121DA4009D2375 = {
			isa = PBXGroup;
			children = (
				1A9AD41A2635CA1D001495C6 /* README.md */,
				1AC2E88526121DA4009D2375 /* EmojiArt */,
				1AC2E88426121DA4009D2375 /* Products */,
			);
			sourceTree = "<group>";
		};
		1AC2E88426121DA4009D2375 /* Products */ = {
			isa = PBXGroup;
			children = (
				1AC2E88326121DA4009D2375 /* EmojiArt.app */,
			);
			name = Products;
			sourceTree = "<group>";
		};
		1AC2E88526121DA4009D2375 /* EmojiArt */ = {
			isa = PBXGroup;
			children = (
				1AC2E8AB2613C251009D2375 /* AnimatableSystemFontModifier.swift */,
				1AC2E89E26126AF6009D2375 /* EmojiArtExtensions.swift */,
				1AC2E88626121DA4009D2375 /* EmojiArtApp.swift */,
				1AC2E89726121DF9009D2375 /* EmojiArtDocument.swift */,
				1AC2E89B2612219A009D2375 /* EmojiArt.swift */,
				1AC2E88826121DA4009D2375 /* EmojiArtDocumentView.swift */,
				1A9AD41D2635D4F7001495C6 /* Spinning.swift */,
				1AC2E88A26121DA6009D2375 /* Assets.xcassets */,
				1AC2E88F26121DA6009D2375 /* Info.plist */,
				1AC2E88C26121DA6009D2375 /* Preview Content */,
				1AC2E8A82613B88B009D2375 /* OptionalView.swift */,
			);
			path = EmojiArt;
			sourceTree = "<group>";
		};
		1AC2E88C26121DA6009D2375 /* Preview Content */ = {
			isa = PBXGroup;
			children = (
				1AC2E88D26121DA6009D2375 /* Preview Assets.xcassets */,
			);
			path = "Preview Content";
			sourceTree = "<group>";
		};
/* End PBXGroup section */

/* Begin PBXNativeTarget section */
		1AC2E88226121DA4009D2375 /* EmojiArt */ = {
			isa = PBXNativeTarget;
			buildConfigurationList = 1AC2E89226121DA6009D2375 /* Build configuration list for PBXNativeTarget "EmojiArt" */;
			buildPhases = (
				1AC2E87F26121DA4009D2375 /* Sources */,
				1AC2E88026121DA4009D2375 /* Frameworks */,
				1AC2E88126121DA4009D2375 /* Resources */,
			);
			buildRules = (
			);
			dependencies = (
			);
			name = EmojiArt;
			productName = EmojiArt;
			productReference = 1AC2E88326121DA4009D2375 /* EmojiArt.app */;
			productType = "com.apple.product-type.application";
		};
/* End PBXNativeTarget section */

/* Begin PBXProject section */
		1AC2E87B26121DA4009D2375 /* Project object */ = {
			isa = PBXProject;
			attributes = {
				LastSwiftUpdateCheck = 1240;
				LastUpgradeCheck = 1240;
				TargetAttributes = {
					1AC2E88226121DA4009D2375 = {
						CreatedOnToolsVersion = 12.4;
					};
				};
			};
			buildConfigurationList = 1AC2E87E26121DA4009D2375 /* Build configuration list for PBXProject "EmojiArt" */;
			compatibilityVersion = "Xcode 9.3";
			developmentRegion = en;
			hasScannedForEncodings = 0;
			knownRegions = (
				en,
				Base,
			);
			mainGroup = 1AC2E87A26121DA4009D2375;
			productRefGroup = 1AC2E88426121DA4009D2375 /* Products */;
			projectDirPath = "";
			projectRoot = "";
			targets = (
				1AC2E88226121DA4009D2375 /* EmojiArt */,
			);
		};
/* End PBXProject section */

/* Begin PBXResourcesBuildPhase section */
		1AC2E88126121DA4009D2375 /* Resources */ = {
			isa = PBXResourcesBuildPhase;
			buildActionMask = 2147483647;
			files = (
				1A9AD41B2635CA1D001495C6 /* README.md in Resources */,
				1AC2E88E26121DA6009D2375 /* Preview Assets.xcassets in Resources */,
				1AC2E88B26121DA6009D2375 /* Assets.xcassets in Resources */,
			);
			runOnlyForDeploymentPostprocessing = 0;
		};
/* End PBXResourcesBuildPhase section */

/* Begin PBXSourcesBuildPhase section */
		1AC2E87F26121DA4009D2375 /* Sources */ = {
			isa = PBXSourcesBuildPhase;
			buildActionMask = 2147483647;
			files = (
				1AC2E8AC2613C251009D2375 /* AnimatableSystemFontModifier.swift in Sources */,
				1AC2E8A92613B88B009D2375 /* OptionalView.swift in Sources */,
				1AC2E89C2612219A009D2375 /* EmojiArt.swift in Sources */,
				1AC2E89F26126AF6009D2375 /* EmojiArtExtensions.swift in Sources */,
				1AC2E88926121DA4009D2375 /* EmojiArtDocumentView.swift in Sources */,
				1AC2E89826121DF9009D2375 /* EmojiArtDocument.swift in Sources */,
				1AC2E88726121DA4009D2375 /* EmojiArtApp.swift in Sources */,
				1A9AD41E2635D4F7001495C6 /* Spinning.swift in Sources */,
			);
			runOnlyForDeploymentPostprocessing = 0;
		};
/* End PBXSourcesBuildPhase section */

/* Begin XCBuildConfiguration section */
		1AC2E89026121DA6009D2375 /* Debug */ = {
			isa = XCBuildConfiguration;
			buildSettings = {
				ALWAYS_SEARCH_USER_PATHS = NO;
				CLANG_ANALYZER_NONNULL = YES;
				CLANG_ANALYZER_NUMBER_OBJECT_CONVERSION = YES_AGGRESSIVE;
				CLANG_CXX_LANGUAGE_STANDARD = "gnu++14";
				CLANG_CXX_LIBRARY = "libc++";
				CLANG_ENABLE_MODULES = YES;
				CLANG_ENABLE_OBJC_ARC = YES;
				CLANG_ENABLE_OBJC_WEAK = YES;
				CLANG_WARN_BLOCK_CAPTURE_AUTORELEASING = YES;
				CLANG_WARN_BOOL_CONVERSION = YES;
				CLANG_WARN_COMMA = YES;
				CLANG_WARN_CONSTANT_CONVERSION = YES;
				CLANG_WARN_DEPRECATED_OBJC_IMPLEMENTATIONS = YES;
				CLANG_WARN_DIRECT_OBJC_ISA_USAGE = YES_ERROR;
				CLANG_WARN_DOCUMENTATION_COMMENTS = YES;
				CLANG_WARN_EMPTY_BODY = YES;
				CLANG_WARN_ENUM_CONVERSION = YES;
				CLANG_WARN_INFINITE_RECURSION = YES;
				CLANG_WARN_INT_CONVERSION = YES;
				CLANG_WARN_NON_LITERAL_NULL_CONVERSION = YES;
				CLANG_WARN_OBJC_IMPLICIT_RETAIN_SELF = YES;
				CLANG_WARN_OBJC_LITERAL_CONVERSION = YES;
				CLANG_WARN_OBJC_ROOT_CLASS = YES_ERROR;
				CLANG_WARN_QUOTED_INCLUDE_IN_FRAMEWORK_HEADER = YES;
				CLANG_WARN_RANGE_LOOP_ANALYSIS = YES;
				CLANG_WARN_STRICT_PROTOTYPES = YES;
				CLANG_WARN_SUSPICIOUS_MOVE = YES;
				CLANG_WARN_UNGUARDED_AVAILABILITY = YES_AGGRESSIVE;
				CLANG_WARN_UNREACHABLE_CODE = YES;
				CLANG_WARN__DUPLICATE_METHOD_MATCH = YES;
				COPY_PHASE_STRIP = NO;
				DEBUG_INFORMATION_FORMAT = dwarf;
				ENABLE_STRICT_OBJC_MSGSEND = YES;
				ENABLE_TESTABILITY = YES;
				GCC_C_LANGUAGE_STANDARD = gnu11;
				GCC_DYNAMIC_NO_PIC = NO;
				GCC_NO_COMMON_BLOCKS = YES;
				GCC_OPTIMIZATION_LEVEL = 0;
				GCC_PREPROCESSOR_DEFINITIONS = (
					"DEBUG=1",
					"$(inherited)",
				);
				GCC_WARN_64_TO_32_BIT_CONVERSION = YES;
				GCC_WARN_ABOUT_RETURN_TYPE = YES_ERROR;
				GCC_WARN_UNDECLARED_SELECTOR = YES;
				GCC_WARN_UNINITIALIZED_AUTOS = YES_AGGRESSIVE;
				GCC_WARN_UNUSED_FUNCTION = YES;
				GCC_WARN_UNUSED_VARIABLE = YES;
				IPHONEOS_DEPLOYMENT_TARGET = 14.4;
				MTL_ENABLE_DEBUG_INFO = INCLUDE_SOURCE;
				MTL_FAST_MATH = YES;
				ONLY_ACTIVE_ARCH = YES;
				SDKROOT = iphoneos;
				SWIFT_ACTIVE_COMPILATION_CONDITIONS = DEBUG;
				SWIFT_OPTIMIZATION_LEVEL = "-Onone";
			};
			name = Debug;
		};
		1AC2E89126121DA6009D2375 /* Release */ = {
			isa = XCBuildConfiguration;
			buildSettings = {
				ALWAYS_SEARCH_USER_PATHS = NO;
				CLANG_ANALYZER_NONNULL = YES;
				CLANG_ANALYZER_NUMBER_OBJECT_CONVERSION = YES_AGGRESSIVE;
				CLANG_CXX_LANGUAGE_STANDARD = "gnu++14";
				CLANG_CXX_LIBRARY = "libc++";
				CLANG_ENABLE_MODULES = YES;
				CLANG_ENABLE_OBJC_ARC = YES;
				CLANG_ENABLE_OBJC_WEAK = YES;
				CLANG_WARN_BLOCK_CAPTURE_AUTORELEASING = YES;
				CLANG_WARN_BOOL_CONVERSION = YES;
				CLANG_WARN_COMMA = YES;
				CLANG_WARN_CONSTANT_CONVERSION = YES;
				CLANG_WARN_DEPRECATED_OBJC_IMPLEMENTATIONS = YES;
				CLANG_WARN_DIRECT_OBJC_ISA_USAGE = YES_ERROR;
				CLANG_WARN_DOCUMENTATION_COMMENTS = YES;
				CLANG_WARN_EMPTY_BODY = YES;
				CLANG_WARN_ENUM_CONVERSION = YES;
				CLANG_WARN_INFINITE_RECURSION = YES;
				CLANG_WARN_INT_CONVERSION = YES;
				CLANG_WARN_NON_LITERAL_NULL_CONVERSION = YES;
				CLANG_WARN_OBJC_IMPLICIT_RETAIN_SELF = YES;
				CLANG_WARN_OBJC_LITERAL_CONVERSION = YES;
				CLANG_WARN_OBJC_ROOT_CLASS = YES_ERROR;
				CLANG_WARN_QUOTED_INCLUDE_IN_FRAMEWORK_HEADER = YES;
				CLANG_WARN_RANGE_LOOP_ANALYSIS = YES;
				CLANG_WARN_STRICT_PROTOTYPES = YES;
				CLANG_WARN_SUSPICIOUS_MOVE = YES;
				CLANG_WARN_UNGUARDED_AVAILABILITY = YES_AGGRESSIVE;
				CLANG_WARN_UNREACHABLE_CODE = YES;
				CLANG_WARN__DUPLICATE_METHOD_MATCH = YES;
				COPY_PHASE_STRIP = NO;
				DEBUG_INFORMATION_FORMAT = "dwarf-with-dsym";
				ENABLE_NS_ASSERTIONS = NO;
				ENABLE_STRICT_OBJC_MSGSEND = YES;
				GCC_C_LANGUAGE_STANDARD = gnu11;
				GCC_NO_COMMON_BLOCKS = YES;
				GCC_WARN_64_TO_32_BIT_CONVERSION = YES;
				GCC_WARN_ABOUT_RETURN_TYPE = YES_ERROR;
				GCC_WARN_UNDECLARED_SELECTOR = YES;
				GCC_WARN_UNINITIALIZED_AUTOS = YES_AGGRESSIVE;
				GCC_WARN_UNUSED_FUNCTION = YES;
				GCC_WARN_UNUSED_VARIABLE = YES;
				IPHONEOS_DEPLOYMENT_TARGET = 14.4;
				MTL_ENABLE_DEBUG_INFO = NO;
				MTL_FAST_MATH = YES;
				SDKROOT = iphoneos;
				SWIFT_COMPILATION_MODE = wholemodule;
				SWIFT_OPTIMIZATION_LEVEL = "-O";
				VALIDATE_PRODUCT = YES;
			};
			name = Release;
		};
		1AC2E89326121DA6009D2375 /* Debug */ = {
			isa = XCBuildConfiguration;
			buildSettings = {
				ASSETCATALOG_COMPILER_APPICON_NAME = AppIcon;
				ASSETCATALOG_COMPILER_GLOBAL_ACCENT_COLOR_NAME = AccentColor;
				CODE_SIGN_STYLE = Automatic;
				DEVELOPMENT_ASSET_PATHS = "\"EmojiArt/Preview Content\"";
				DEVELOPMENT_TEAM = K8YVKLM6GZ;
				ENABLE_PREVIEWS = YES;
				INFOPLIST_FILE = EmojiArt/Info.plist;
				IPHONEOS_DEPLOYMENT_TARGET = 14.0;
				LD_RUNPATH_SEARCH_PATHS = (
					"$(inherited)",
					"@executable_path/Frameworks",
				);
				PRODUCT_BUNDLE_IDENTIFIER = EpiGardenia.EmojiArt;
				PRODUCT_NAME = "$(TARGET_NAME)";
				SWIFT_VERSION = 5.0;
				TARGETED_DEVICE_FAMILY = "1,2";
			};
			name = Debug;
		};
		1AC2E89426121DA6009D2375 /* Release */ = {
			isa = XCBuildConfiguration;
			buildSettings = {
				ASSETCATALOG_COMPILER_APPICON_NAME = AppIcon;
				ASSETCATALOG_COMPILER_GLOBAL_ACCENT_COLOR_NAME = AccentColor;
				CODE_SIGN_STYLE = Automatic;
				DEVELOPMENT_ASSET_PATHS = "\"EmojiArt/Preview Content\"";
				DEVELOPMENT_TEAM = K8YVKLM6GZ;
				ENABLE_PREVIEWS = YES;
				INFOPLIST_FILE = EmojiArt/Info.plist;
				IPHONEOS_DEPLOYMENT_TARGET = 14.0;
				LD_RUNPATH_SEARCH_PATHS = (
					"$(inherited)",
					"@executable_path/Frameworks",
				);
				PRODUCT_BUNDLE_IDENTIFIER = EpiGardenia.EmojiArt;
				PRODUCT_NAME = "$(TARGET_NAME)";
				SWIFT_VERSION = 5.0;
				TARGETED_DEVICE_FAMILY = "1,2";
			};
			name = Release;
		};
/* End XCBuildConfiguration section */

/* Begin XCConfigurationList section */
		1AC2E87E26121DA4009D2375 /* Build configuration list for PBXProject "EmojiArt" */ = {
			isa = XCConfigurationList;
			buildConfigurations = (
				1AC2E89026121DA6009D2375 /* Debug */,
				1AC2E89126121DA6009D2375 /* Release */,
			);
			defaultConfigurationIsVisible = 0;
			defaultConfigurationName = Release;
		};
		1AC2E89226121DA6009D2375 /* Build configuration list for PBXNativeTarget "EmojiArt" */ = {
			isa = XCConfigurationList;
			buildConfigurations = (
				1AC2E89326121DA6009D2375 /* Debug */,
				1AC2E89426121DA6009D2375 /* Release */,
			);
			defaultConfigurationIsVisible = 0;
			defaultConfigurationName = Release;
		};
/* End XCConfigurationList section */
	};
	rootObject = 1AC2E87B26121DA4009D2375 /* Project object */;
}
